
Microsoft Visual Studio Solution File, Format Version 12.00
# Visual Studio Version 16
VisualStudioVersion = 16.0.30804.86
MinimumVisualStudioVersion = 10.0.40219.1
Project("{8BC9CEB8-8B4A-11D0-8D11-00A0C91BC942}") = "AshTemplateLibrary", "Framework\AshTemplateLibrary\AshTemplateLibrary.vcxproj", "{50806739-3115-49A2-8BD3-3E676EC85F71}"
EndProject
Project("{8BC9CEB8-8B4A-11D0-8D11-00A0C91BC942}") = "Core", "Framework\Core\Core.vcxproj", "{0B165D2D-2BEA-455A-BD3B-AD43CED8640C}"
EndProject
Project("{8BC9CEB8-8B4A-11D0-8D11-00A0C91BC942}") = "EngineMath", "Framework\Math\Math.vcxproj", "{528A854A-8248-4766-8C67-84E888F5DAE3}"
EndProject
Project("{8BC9CEB8-8B4A-11D0-8D11-00A0C91BC942}") = "PhysicsMath", "Framework\PhysicsMath\PhysicsMath.vcxproj", "{8C5AB4EE-E4EB-47D0-8D30-2734FBF7B450}"
EndProject
Project("{8BC9CEB8-8B4A-11D0-8D11-00A0C91BC942}") = "Networking", "Framework\Networking\Networking.vcxproj", "{1D120B6F-91BA-41F5-9AB7-840E6572B83B}"
EndProject
Project("{8BC9CEB8-8B4A-11D0-8D11-00A0C91BC942}") = "SingularityAI", "Framework\SingularityAI\SingularityAI.vcxproj", "{747F5FED-C73D-46CD-8FF8-9B5AB085BE14}"
EndProject
Project("{8BC9CEB8-8B4A-11D0-8D11-00A0C91BC942}") = "VulkanEngine", "Example_Projects\VulkanEngine\VulkanEngine.vcxproj", "{6D8DD2D7-BA79-4BDC-AEF1-573CE675B653}"
EndProject
Project("{2150E333-8FDC-42A3-9474-1A3956D46DE8}") = "Example_Projects", "Example_Projects", "{5FFC7654-1C19-4E24-9E3E-ED3D79B1B041}"
EndProject
Project("{2150E333-8FDC-42A3-9474-1A3956D46DE8}") = "Framework", "Framework", "{ECD5BED5-777A-43D1-B4CD-CE27946C3985}"
EndProject
Project("{2150E333-8FDC-42A3-9474-1A3956D46DE8}") = "External", "External", "{1BFE8982-FB39-4FE3-BEC9-2776D8FA45D7}"
EndProject
Project("{8BC9CEB8-8B4A-11D0-8D11-00A0C91BC942}") = "RapidXML", "External\RapidXML\RapidXML.vcxproj", "{31F09A4F-555E-42F7-A19B-647F2B714374}"
EndProject
Project("{8BC9CEB8-8B4A-11D0-8D11-00A0C91BC942}") = "DearImgui", "External\imgui\Imgui.vcxproj", "{D378FD59-A797-4FED-8767-0D66FF253AFF}"
EndProject
Project("{8BC9CEB8-8B4A-11D0-8D11-00A0C91BC942}") = "SingularityRenderer", "Framework\SingularityRenderer\SingularityRenderer.vcxproj", "{0C89DEEA-08A7-4C8C-B27F-84CA02294515}"
EndProject
Project("{8BC9CEB8-8B4A-11D0-8D11-00A0C91BC942}") = "SPIRV-Cross", "External\SPIRV-Cross\SPIRV-Cross.vcxproj", "{F85F425B-2533-4F2F-868B-BF642880CE0E}"
EndProject
Project("{2150E333-8FDC-42A3-9474-1A3956D46DE8}") = "Assets", "Assets", "{1C543EFD-D7F8-4009-A541-A3BC15B80277}"
EndProject
Project("{2150E333-8FDC-42A3-9474-1A3956D46DE8}") = "Shaders", "Shaders", "{84A382DC-45AB-4A41-AEC2-BC86FA45AE1D}"
EndProject
Project("{2150E333-8FDC-42A3-9474-1A3956D46DE8}") = "HLSL", "HLSL", "{EF212E17-79DF-4ED9-B106-218156D25C7C}"
	ProjectSection(SolutionItems) = preProject
		Assets\Shaders\HLSL\triangle.hlsl = Assets\Shaders\HLSL\triangle.hlsl
	EndProjectSection
EndProject
Project("{2150E333-8FDC-42A3-9474-1A3956D46DE8}") = "SPIRV", "SPIRV", "{6D6CB617-CA28-4E2E-AEC5-59E86395ABC8}"
	ProjectSection(SolutionItems) = preProject
		Assets\Shaders\SPIRV\triangle.ps = Assets\Shaders\SPIRV\triangle.ps
		Assets\Shaders\SPIRV\triangle.vs = Assets\Shaders\SPIRV\triangle.vs
	EndProjectSection
EndProject
Project("{8BC9CEB8-8B4A-11D0-8D11-00A0C91BC942}") = "glfw", "External\GLFW\src\glfw.vcxproj", "{39FE6EDF-CAB0-3167-BB63-171F2CA01409}"
EndProject
Project("{8BC9CEB8-8B4A-11D0-8D11-00A0C91BC942}") = "shaderc", "External\shaderc\libshaderc\shaderc.vcxproj", "{643352C4-BCCE-3EFD-84B4-28D12E920878}"
EndProject
Global
	GlobalSection(SolutionConfigurationPlatforms) = preSolution
		Debug|x64 = Debug|x64
		Debug|x86 = Debug|x86
		MinSizeRel|x64 = MinSizeRel|x64
		MinSizeRel|x86 = MinSizeRel|x86
		Release|x64 = Release|x64
		Release|x86 = Release|x86
		RelWithDebInfo|x64 = RelWithDebInfo|x64
		RelWithDebInfo|x86 = RelWithDebInfo|x86
	EndGlobalSection
	GlobalSection(ProjectConfigurationPlatforms) = postSolution
		{50806739-3115-49A2-8BD3-3E676EC85F71}.Debug|x64.ActiveCfg = Debug|x64
		{50806739-3115-49A2-8BD3-3E676EC85F71}.Debug|x64.Build.0 = Debug|x64
		{50806739-3115-49A2-8BD3-3E676EC85F71}.Debug|x86.ActiveCfg = Debug|Win32
		{50806739-3115-49A2-8BD3-3E676EC85F71}.Debug|x86.Build.0 = Debug|Win32
		{50806739-3115-49A2-8BD3-3E676EC85F71}.MinSizeRel|x64.ActiveCfg = Release|x64
		{50806739-3115-49A2-8BD3-3E676EC85F71}.MinSizeRel|x64.Build.0 = Release|x64
		{50806739-3115-49A2-8BD3-3E676EC85F71}.MinSizeRel|x86.ActiveCfg = Release|Win32
		{50806739-3115-49A2-8BD3-3E676EC85F71}.MinSizeRel|x86.Build.0 = Release|Win32
		{50806739-3115-49A2-8BD3-3E676EC85F71}.Release|x64.ActiveCfg = Release|x64
		{50806739-3115-49A2-8BD3-3E676EC85F71}.Release|x64.Build.0 = Release|x64
		{50806739-3115-49A2-8BD3-3E676EC85F71}.Release|x86.ActiveCfg = Release|Win32
		{50806739-3115-49A2-8BD3-3E676EC85F71}.Release|x86.Build.0 = Release|Win32
		{50806739-3115-49A2-8BD3-3E676EC85F71}.RelWithDebInfo|x64.ActiveCfg = Release|x64
		{50806739-3115-49A2-8BD3-3E676EC85F71}.RelWithDebInfo|x64.Build.0 = Release|x64
		{50806739-3115-49A2-8BD3-3E676EC85F71}.RelWithDebInfo|x86.ActiveCfg = Release|Win32
		{50806739-3115-49A2-8BD3-3E676EC85F71}.RelWithDebInfo|x86.Build.0 = Release|Win32
		{0B165D2D-2BEA-455A-BD3B-AD43CED8640C}.Debug|x64.ActiveCfg = Debug|x64
		{0B165D2D-2BEA-455A-BD3B-AD43CED8640C}.Debug|x64.Build.0 = Debug|x64
		{0B165D2D-2BEA-455A-BD3B-AD43CED8640C}.Debug|x86.ActiveCfg = Debug|Win32
		{0B165D2D-2BEA-455A-BD3B-AD43CED8640C}.Debug|x86.Build.0 = Debug|Win32
		{0B165D2D-2BEA-455A-BD3B-AD43CED8640C}.MinSizeRel|x64.ActiveCfg = Release|x64
		{0B165D2D-2BEA-455A-BD3B-AD43CED8640C}.MinSizeRel|x64.Build.0 = Release|x64
		{0B165D2D-2BEA-455A-BD3B-AD43CED8640C}.MinSizeRel|x86.ActiveCfg = Release|Win32
		{0B165D2D-2BEA-455A-BD3B-AD43CED8640C}.MinSizeRel|x86.Build.0 = Release|Win32
		{0B165D2D-2BEA-455A-BD3B-AD43CED8640C}.Release|x64.ActiveCfg = Release|x64
		{0B165D2D-2BEA-455A-BD3B-AD43CED8640C}.Release|x64.Build.0 = Release|x64
		{0B165D2D-2BEA-455A-BD3B-AD43CED8640C}.Release|x86.ActiveCfg = Release|Win32
		{0B165D2D-2BEA-455A-BD3B-AD43CED8640C}.Release|x86.Build.0 = Release|Win32
		{0B165D2D-2BEA-455A-BD3B-AD43CED8640C}.RelWithDebInfo|x64.ActiveCfg = Release|x64
		{0B165D2D-2BEA-455A-BD3B-AD43CED8640C}.RelWithDebInfo|x64.Build.0 = Release|x64
		{0B165D2D-2BEA-455A-BD3B-AD43CED8640C}.RelWithDebInfo|x86.ActiveCfg = Release|Win32
		{0B165D2D-2BEA-455A-BD3B-AD43CED8640C}.RelWithDebInfo|x86.Build.0 = Release|Win32
		{528A854A-8248-4766-8C67-84E888F5DAE3}.Debug|x64.ActiveCfg = Debug|x64
		{528A854A-8248-4766-8C67-84E888F5DAE3}.Debug|x64.Build.0 = Debug|x64
		{528A854A-8248-4766-8C67-84E888F5DAE3}.Debug|x86.ActiveCfg = Debug|Win32
		{528A854A-8248-4766-8C67-84E888F5DAE3}.Debug|x86.Build.0 = Debug|Win32
		{528A854A-8248-4766-8C67-84E888F5DAE3}.MinSizeRel|x64.ActiveCfg = Release|x64
		{528A854A-8248-4766-8C67-84E888F5DAE3}.MinSizeRel|x64.Build.0 = Release|x64
		{528A854A-8248-4766-8C67-84E888F5DAE3}.MinSizeRel|x86.ActiveCfg = Release|Win32
		{528A854A-8248-4766-8C67-84E888F5DAE3}.MinSizeRel|x86.Build.0 = Release|Win32
		{528A854A-8248-4766-8C67-84E888F5DAE3}.Release|x64.ActiveCfg = Release|x64
		{528A854A-8248-4766-8C67-84E888F5DAE3}.Release|x64.Build.0 = Release|x64
		{528A854A-8248-4766-8C67-84E888F5DAE3}.Release|x86.ActiveCfg = Release|Win32
		{528A854A-8248-4766-8C67-84E888F5DAE3}.Release|x86.Build.0 = Release|Win32
		{528A854A-8248-4766-8C67-84E888F5DAE3}.RelWithDebInfo|x64.ActiveCfg = Release|x64
		{528A854A-8248-4766-8C67-84E888F5DAE3}.RelWithDebInfo|x64.Build.0 = Release|x64
		{528A854A-8248-4766-8C67-84E888F5DAE3}.RelWithDebInfo|x86.ActiveCfg = Release|Win32
		{528A854A-8248-4766-8C67-84E888F5DAE3}.RelWithDebInfo|x86.Build.0 = Release|Win32
		{8C5AB4EE-E4EB-47D0-8D30-2734FBF7B450}.Debug|x64.ActiveCfg = Debug|x64
		{8C5AB4EE-E4EB-47D0-8D30-2734FBF7B450}.Debug|x64.Build.0 = Debug|x64
		{8C5AB4EE-E4EB-47D0-8D30-2734FBF7B450}.Debug|x86.ActiveCfg = Debug|Win32
		{8C5AB4EE-E4EB-47D0-8D30-2734FBF7B450}.Debug|x86.Build.0 = Debug|Win32
		{8C5AB4EE-E4EB-47D0-8D30-2734FBF7B450}.MinSizeRel|x64.ActiveCfg = Release|x64
		{8C5AB4EE-E4EB-47D0-8D30-2734FBF7B450}.MinSizeRel|x64.Build.0 = Release|x64
		{8C5AB4EE-E4EB-47D0-8D30-2734FBF7B450}.MinSizeRel|x86.ActiveCfg = Release|Win32
		{8C5AB4EE-E4EB-47D0-8D30-2734FBF7B450}.MinSizeRel|x86.Build.0 = Release|Win32
		{8C5AB4EE-E4EB-47D0-8D30-2734FBF7B450}.Release|x64.ActiveCfg = Release|x64
		{8C5AB4EE-E4EB-47D0-8D30-2734FBF7B450}.Release|x64.Build.0 = Release|x64
		{8C5AB4EE-E4EB-47D0-8D30-2734FBF7B450}.Release|x86.ActiveCfg = Release|Win32
		{8C5AB4EE-E4EB-47D0-8D30-2734FBF7B450}.Release|x86.Build.0 = Release|Win32
		{8C5AB4EE-E4EB-47D0-8D30-2734FBF7B450}.RelWithDebInfo|x64.ActiveCfg = Release|x64
		{8C5AB4EE-E4EB-47D0-8D30-2734FBF7B450}.RelWithDebInfo|x64.Build.0 = Release|x64
		{8C5AB4EE-E4EB-47D0-8D30-2734FBF7B450}.RelWithDebInfo|x86.ActiveCfg = Release|Win32
		{8C5AB4EE-E4EB-47D0-8D30-2734FBF7B450}.RelWithDebInfo|x86.Build.0 = Release|Win32
		{1D120B6F-91BA-41F5-9AB7-840E6572B83B}.Debug|x64.ActiveCfg = Debug|x64
		{1D120B6F-91BA-41F5-9AB7-840E6572B83B}.Debug|x64.Build.0 = Debug|x64
		{1D120B6F-91BA-41F5-9AB7-840E6572B83B}.Debug|x86.ActiveCfg = Debug|Win32
		{1D120B6F-91BA-41F5-9AB7-840E6572B83B}.Debug|x86.Build.0 = Debug|Win32
		{1D120B6F-91BA-41F5-9AB7-840E6572B83B}.MinSizeRel|x64.ActiveCfg = Release|x64
		{1D120B6F-91BA-41F5-9AB7-840E6572B83B}.MinSizeRel|x64.Build.0 = Release|x64
		{1D120B6F-91BA-41F5-9AB7-840E6572B83B}.MinSizeRel|x86.ActiveCfg = Release|Win32
		{1D120B6F-91BA-41F5-9AB7-840E6572B83B}.MinSizeRel|x86.Build.0 = Release|Win32
		{1D120B6F-91BA-41F5-9AB7-840E6572B83B}.Release|x64.ActiveCfg = Release|x64
		{1D120B6F-91BA-41F5-9AB7-840E6572B83B}.Release|x64.Build.0 = Release|x64
		{1D120B6F-91BA-41F5-9AB7-840E6572B83B}.Release|x86.ActiveCfg = Release|Win32
		{1D120B6F-91BA-41F5-9AB7-840E6572B83B}.Release|x86.Build.0 = Release|Win32
		{1D120B6F-91BA-41F5-9AB7-840E6572B83B}.RelWithDebInfo|x64.ActiveCfg = Release|x64
		{1D120B6F-91BA-41F5-9AB7-840E6572B83B}.RelWithDebInfo|x64.Build.0 = Release|x64
		{1D120B6F-91BA-41F5-9AB7-840E6572B83B}.RelWithDebInfo|x86.ActiveCfg = Release|Win32
		{1D120B6F-91BA-41F5-9AB7-840E6572B83B}.RelWithDebInfo|x86.Build.0 = Release|Win32
		{747F5FED-C73D-46CD-8FF8-9B5AB085BE14}.Debug|x64.ActiveCfg = Debug|x64
		{747F5FED-C73D-46CD-8FF8-9B5AB085BE14}.Debug|x64.Build.0 = Debug|x64
		{747F5FED-C73D-46CD-8FF8-9B5AB085BE14}.Debug|x86.ActiveCfg = Debug|Win32
		{747F5FED-C73D-46CD-8FF8-9B5AB085BE14}.Debug|x86.Build.0 = Debug|Win32
		{747F5FED-C73D-46CD-8FF8-9B5AB085BE14}.MinSizeRel|x64.ActiveCfg = Release|x64
		{747F5FED-C73D-46CD-8FF8-9B5AB085BE14}.MinSizeRel|x64.Build.0 = Release|x64
		{747F5FED-C73D-46CD-8FF8-9B5AB085BE14}.MinSizeRel|x86.ActiveCfg = Release|Win32
		{747F5FED-C73D-46CD-8FF8-9B5AB085BE14}.MinSizeRel|x86.Build.0 = Release|Win32
		{747F5FED-C73D-46CD-8FF8-9B5AB085BE14}.Release|x64.ActiveCfg = Release|x64
		{747F5FED-C73D-46CD-8FF8-9B5AB085BE14}.Release|x64.Build.0 = Release|x64
		{747F5FED-C73D-46CD-8FF8-9B5AB085BE14}.Release|x86.ActiveCfg = Release|Win32
		{747F5FED-C73D-46CD-8FF8-9B5AB085BE14}.Release|x86.Build.0 = Release|Win32
		{747F5FED-C73D-46CD-8FF8-9B5AB085BE14}.RelWithDebInfo|x64.ActiveCfg = Release|x64
		{747F5FED-C73D-46CD-8FF8-9B5AB085BE14}.RelWithDebInfo|x64.Build.0 = Release|x64
		{747F5FED-C73D-46CD-8FF8-9B5AB085BE14}.RelWithDebInfo|x86.ActiveCfg = Release|Win32
		{747F5FED-C73D-46CD-8FF8-9B5AB085BE14}.RelWithDebInfo|x86.Build.0 = Release|Win32
		{6D8DD2D7-BA79-4BDC-AEF1-573CE675B653}.Debug|x64.ActiveCfg = Debug|x64
		{6D8DD2D7-BA79-4BDC-AEF1-573CE675B653}.Debug|x64.Build.0 = Debug|x64
		{6D8DD2D7-BA79-4BDC-AEF1-573CE675B653}.Debug|x86.ActiveCfg = Debug|Win32
		{6D8DD2D7-BA79-4BDC-AEF1-573CE675B653}.Debug|x86.Build.0 = Debug|Win32
		{6D8DD2D7-BA79-4BDC-AEF1-573CE675B653}.MinSizeRel|x64.ActiveCfg = Release|x64
		{6D8DD2D7-BA79-4BDC-AEF1-573CE675B653}.MinSizeRel|x64.Build.0 = Release|x64
		{6D8DD2D7-BA79-4BDC-AEF1-573CE675B653}.MinSizeRel|x86.ActiveCfg = Release|Win32
		{6D8DD2D7-BA79-4BDC-AEF1-573CE675B653}.MinSizeRel|x86.Build.0 = Release|Win32
		{6D8DD2D7-BA79-4BDC-AEF1-573CE675B653}.Release|x64.ActiveCfg = Release|x64
		{6D8DD2D7-BA79-4BDC-AEF1-573CE675B653}.Release|x64.Build.0 = Release|x64
		{6D8DD2D7-BA79-4BDC-AEF1-573CE675B653}.Release|x86.ActiveCfg = Release|Win32
		{6D8DD2D7-BA79-4BDC-AEF1-573CE675B653}.Release|x86.Build.0 = Release|Win32
		{6D8DD2D7-BA79-4BDC-AEF1-573CE675B653}.RelWithDebInfo|x64.ActiveCfg = Release|x64
		{6D8DD2D7-BA79-4BDC-AEF1-573CE675B653}.RelWithDebInfo|x64.Build.0 = Release|x64
		{6D8DD2D7-BA79-4BDC-AEF1-573CE675B653}.RelWithDebInfo|x86.ActiveCfg = Release|Win32
		{6D8DD2D7-BA79-4BDC-AEF1-573CE675B653}.RelWithDebInfo|x86.Build.0 = Release|Win32
		{31F09A4F-555E-42F7-A19B-647F2B714374}.Debug|x64.ActiveCfg = Debug|x64
		{31F09A4F-555E-42F7-A19B-647F2B714374}.Debug|x64.Build.0 = Debug|x64
		{31F09A4F-555E-42F7-A19B-647F2B714374}.Debug|x86.ActiveCfg = Debug|Win32
		{31F09A4F-555E-42F7-A19B-647F2B714374}.Debug|x86.Build.0 = Debug|Win32
		{31F09A4F-555E-42F7-A19B-647F2B714374}.MinSizeRel|x64.ActiveCfg = Release|x64
		{31F09A4F-555E-42F7-A19B-647F2B714374}.MinSizeRel|x64.Build.0 = Release|x64
		{31F09A4F-555E-42F7-A19B-647F2B714374}.MinSizeRel|x86.ActiveCfg = Release|Win32
		{31F09A4F-555E-42F7-A19B-647F2B714374}.MinSizeRel|x86.Build.0 = Release|Win32
		{31F09A4F-555E-42F7-A19B-647F2B714374}.Release|x64.ActiveCfg = Release|x64
		{31F09A4F-555E-42F7-A19B-647F2B714374}.Release|x64.Build.0 = Release|x64
		{31F09A4F-555E-42F7-A19B-647F2B714374}.Release|x86.ActiveCfg = Release|Win32
		{31F09A4F-555E-42F7-A19B-647F2B714374}.Release|x86.Build.0 = Release|Win32
		{31F09A4F-555E-42F7-A19B-647F2B714374}.RelWithDebInfo|x64.ActiveCfg = Release|x64
		{31F09A4F-555E-42F7-A19B-647F2B714374}.RelWithDebInfo|x64.Build.0 = Release|x64
		{31F09A4F-555E-42F7-A19B-647F2B714374}.RelWithDebInfo|x86.ActiveCfg = Release|Win32
		{31F09A4F-555E-42F7-A19B-647F2B714374}.RelWithDebInfo|x86.Build.0 = Release|Win32
		{D378FD59-A797-4FED-8767-0D66FF253AFF}.Debug|x64.ActiveCfg = Debug|x64
		{D378FD59-A797-4FED-8767-0D66FF253AFF}.Debug|x64.Build.0 = Debug|x64
		{D378FD59-A797-4FED-8767-0D66FF253AFF}.Debug|x86.ActiveCfg = Debug|Win32
		{D378FD59-A797-4FED-8767-0D66FF253AFF}.Debug|x86.Build.0 = Debug|Win32
		{D378FD59-A797-4FED-8767-0D66FF253AFF}.MinSizeRel|x64.ActiveCfg = Debug|x64
		{D378FD59-A797-4FED-8767-0D66FF253AFF}.MinSizeRel|x64.Build.0 = Debug|x64
		{D378FD59-A797-4FED-8767-0D66FF253AFF}.MinSizeRel|x86.ActiveCfg = Debug|Win32
		{D378FD59-A797-4FED-8767-0D66FF253AFF}.MinSizeRel|x86.Build.0 = Debug|Win32
		{D378FD59-A797-4FED-8767-0D66FF253AFF}.Release|x64.ActiveCfg = Release|x64
		{D378FD59-A797-4FED-8767-0D66FF253AFF}.Release|x64.Build.0 = Release|x64
		{D378FD59-A797-4FED-8767-0D66FF253AFF}.Release|x86.ActiveCfg = Release|Win32
		{D378FD59-A797-4FED-8767-0D66FF253AFF}.Release|x86.Build.0 = Release|Win32
		{D378FD59-A797-4FED-8767-0D66FF253AFF}.RelWithDebInfo|x64.ActiveCfg = Release|x64
		{D378FD59-A797-4FED-8767-0D66FF253AFF}.RelWithDebInfo|x64.Build.0 = Release|x64
		{D378FD59-A797-4FED-8767-0D66FF253AFF}.RelWithDebInfo|x86.ActiveCfg = Release|Win32
		{D378FD59-A797-4FED-8767-0D66FF253AFF}.RelWithDebInfo|x86.Build.0 = Release|Win32
		{0C89DEEA-08A7-4C8C-B27F-84CA02294515}.Debug|x64.ActiveCfg = Debug|x64
		{0C89DEEA-08A7-4C8C-B27F-84CA02294515}.Debug|x64.Build.0 = Debug|x64
		{0C89DEEA-08A7-4C8C-B27F-84CA02294515}.Debug|x86.ActiveCfg = Debug|Win32
		{0C89DEEA-08A7-4C8C-B27F-84CA02294515}.Debug|x86.Build.0 = Debug|Win32
		{0C89DEEA-08A7-4C8C-B27F-84CA02294515}.MinSizeRel|x64.ActiveCfg = Debug|x64
		{0C89DEEA-08A7-4C8C-B27F-84CA02294515}.MinSizeRel|x64.Build.0 = Debug|x64
		{0C89DEEA-08A7-4C8C-B27F-84CA02294515}.MinSizeRel|x86.ActiveCfg = Debug|Win32
		{0C89DEEA-08A7-4C8C-B27F-84CA02294515}.MinSizeRel|x86.Build.0 = Debug|Win32
		{0C89DEEA-08A7-4C8C-B27F-84CA02294515}.Release|x64.ActiveCfg = Release|x64
		{0C89DEEA-08A7-4C8C-B27F-84CA02294515}.Release|x64.Build.0 = Release|x64
		{0C89DEEA-08A7-4C8C-B27F-84CA02294515}.Release|x86.ActiveCfg = Release|Win32
		{0C89DEEA-08A7-4C8C-B27F-84CA02294515}.Release|x86.Build.0 = Release|Win32
		{0C89DEEA-08A7-4C8C-B27F-84CA02294515}.RelWithDebInfo|x64.ActiveCfg = Release|x64
		{0C89DEEA-08A7-4C8C-B27F-84CA02294515}.RelWithDebInfo|x64.Build.0 = Release|x64
		{0C89DEEA-08A7-4C8C-B27F-84CA02294515}.RelWithDebInfo|x86.ActiveCfg = Release|Win32
		{0C89DEEA-08A7-4C8C-B27F-84CA02294515}.RelWithDebInfo|x86.Build.0 = Release|Win32
		{F85F425B-2533-4F2F-868B-BF642880CE0E}.Debug|x64.ActiveCfg = Debug|x64
		{F85F425B-2533-4F2F-868B-BF642880CE0E}.Debug|x64.Build.0 = Debug|x64
		{F85F425B-2533-4F2F-868B-BF642880CE0E}.Debug|x86.ActiveCfg = Debug|Win32
		{F85F425B-2533-4F2F-868B-BF642880CE0E}.Debug|x86.Build.0 = Debug|Win32
		{F85F425B-2533-4F2F-868B-BF642880CE0E}.MinSizeRel|x64.ActiveCfg = Debug|x64
		{F85F425B-2533-4F2F-868B-BF642880CE0E}.MinSizeRel|x64.Build.0 = Debug|x64
		{F85F425B-2533-4F2F-868B-BF642880CE0E}.MinSizeRel|x86.ActiveCfg = Debug|Win32
		{F85F425B-2533-4F2F-868B-BF642880CE0E}.MinSizeRel|x86.Build.0 = Debug|Win32
		{F85F425B-2533-4F2F-868B-BF642880CE0E}.Release|x64.ActiveCfg = Release|x64
		{F85F425B-2533-4F2F-868B-BF642880CE0E}.Release|x64.Build.0 = Release|x64
		{F85F425B-2533-4F2F-868B-BF642880CE0E}.Release|x86.ActiveCfg = Release|Win32
		{F85F425B-2533-4F2F-868B-BF642880CE0E}.Release|x86.Build.0 = Release|Win32
		{F85F425B-2533-4F2F-868B-BF642880CE0E}.RelWithDebInfo|x64.ActiveCfg = Release|x64
		{F85F425B-2533-4F2F-868B-BF642880CE0E}.RelWithDebInfo|x64.Build.0 = Release|x64
		{F85F425B-2533-4F2F-868B-BF642880CE0E}.RelWithDebInfo|x86.ActiveCfg = Release|Win32
		{F85F425B-2533-4F2F-868B-BF642880CE0E}.RelWithDebInfo|x86.Build.0 = Release|Win32
		{39FE6EDF-CAB0-3167-BB63-171F2CA01409}.Debug|x64.ActiveCfg = Debug|x64
		{39FE6EDF-CAB0-3167-BB63-171F2CA01409}.Debug|x64.Build.0 = Debug|x64
		{39FE6EDF-CAB0-3167-BB63-171F2CA01409}.Debug|x86.ActiveCfg = Debug|x64
		{39FE6EDF-CAB0-3167-BB63-171F2CA01409}.MinSizeRel|x64.ActiveCfg = MinSizeRel|x64
		{39FE6EDF-CAB0-3167-BB63-171F2CA01409}.MinSizeRel|x64.Build.0 = MinSizeRel|x64
		{39FE6EDF-CAB0-3167-BB63-171F2CA01409}.MinSizeRel|x86.ActiveCfg = MinSizeRel|x64
		{39FE6EDF-CAB0-3167-BB63-171F2CA01409}.Release|x64.ActiveCfg = Release|x64
		{39FE6EDF-CAB0-3167-BB63-171F2CA01409}.Release|x64.Build.0 = Release|x64
		{39FE6EDF-CAB0-3167-BB63-171F2CA01409}.Release|x86.ActiveCfg = Release|x64
		{39FE6EDF-CAB0-3167-BB63-171F2CA01409}.RelWithDebInfo|x64.ActiveCfg = RelWithDebInfo|x64
		{39FE6EDF-CAB0-3167-BB63-171F2CA01409}.RelWithDebInfo|x64.Build.0 = RelWithDebInfo|x64
		{39FE6EDF-CAB0-3167-BB63-171F2CA01409}.RelWithDebInfo|x86.ActiveCfg = RelWithDebInfo|x64
		{643352C4-BCCE-3EFD-84B4-28D12E920878}.Debug|x64.ActiveCfg = Debug|x64
		{643352C4-BCCE-3EFD-84B4-28D12E920878}.Debug|x64.Build.0 = Debug|x64
		{643352C4-BCCE-3EFD-84B4-28D12E920878}.Debug|x86.ActiveCfg = Debug|x64
		{643352C4-BCCE-3EFD-84B4-28D12E920878}.MinSizeRel|x64.ActiveCfg = MinSizeRel|x64
		{643352C4-BCCE-3EFD-84B4-28D12E920878}.MinSizeRel|x64.Build.0 = MinSizeRel|x64
		{643352C4-BCCE-3EFD-84B4-28D12E920878}.MinSizeRel|x86.ActiveCfg = MinSizeRel|x64
		{643352C4-BCCE-3EFD-84B4-28D12E920878}.Release|x64.ActiveCfg = Release|x64
		{643352C4-BCCE-3EFD-84B4-28D12E920878}.Release|x64.Build.0 = Release|x64
		{643352C4-BCCE-3EFD-84B4-28D12E920878}.Release|x86.ActiveCfg = Release|x64
		{643352C4-BCCE-3EFD-84B4-28D12E920878}.RelWithDebInfo|x64.ActiveCfg = RelWithDebInfo|x64
		{643352C4-BCCE-3EFD-84B4-28D12E920878}.RelWithDebInfo|x64.Build.0 = RelWithDebInfo|x64
		{643352C4-BCCE-3EFD-84B4-28D12E920878}.RelWithDebInfo|x86.ActiveCfg = RelWithDebInfo|x64
	EndGlobalSection
	GlobalSection(SolutionProperties) = preSolution
		HideSolutionNode = FALSE
	EndGlobalSection
	GlobalSection(NestedProjects) = preSolution
		{50806739-3115-49A2-8BD3-3E676EC85F71} = {ECD5BED5-777A-43D1-B4CD-CE27946C3985}
		{0B165D2D-2BEA-455A-BD3B-AD43CED8640C} = {ECD5BED5-777A-43D1-B4CD-CE27946C3985}
		{528A854A-8248-4766-8C67-84E888F5DAE3} = {ECD5BED5-777A-43D1-B4CD-CE27946C3985}
		{8C5AB4EE-E4EB-47D0-8D30-2734FBF7B450} = {ECD5BED5-777A-43D1-B4CD-CE27946C3985}
		{1D120B6F-91BA-41F5-9AB7-840E6572B83B} = {ECD5BED5-777A-43D1-B4CD-CE27946C3985}
		{747F5FED-C73D-46CD-8FF8-9B5AB085BE14} = {ECD5BED5-777A-43D1-B4CD-CE27946C3985}
		{6D8DD2D7-BA79-4BDC-AEF1-573CE675B653} = {5FFC7654-1C19-4E24-9E3E-ED3D79B1B041}
		{31F09A4F-555E-42F7-A19B-647F2B714374} = {1BFE8982-FB39-4FE3-BEC9-2776D8FA45D7}
		{D378FD59-A797-4FED-8767-0D66FF253AFF} = {1BFE8982-FB39-4FE3-BEC9-2776D8FA45D7}
		{0C89DEEA-08A7-4C8C-B27F-84CA02294515} = {ECD5BED5-777A-43D1-B4CD-CE27946C3985}
		{F85F425B-2533-4F2F-868B-BF642880CE0E} = {1BFE8982-FB39-4FE3-BEC9-2776D8FA45D7}
		{84A382DC-45AB-4A41-AEC2-BC86FA45AE1D} = {1C543EFD-D7F8-4009-A541-A3BC15B80277}
		{EF212E17-79DF-4ED9-B106-218156D25C7C} = {84A382DC-45AB-4A41-AEC2-BC86FA45AE1D}
		{6D6CB617-CA28-4E2E-AEC5-59E86395ABC8} = {84A382DC-45AB-4A41-AEC2-BC86FA45AE1D}
		{39FE6EDF-CAB0-3167-BB63-171F2CA01409} = {1BFE8982-FB39-4FE3-BEC9-2776D8FA45D7}
		{643352C4-BCCE-3EFD-84B4-28D12E920878} = {1BFE8982-FB39-4FE3-BEC9-2776D8FA45D7}
	EndGlobalSection
	GlobalSection(ExtensibilityGlobals) = postSolution
		SolutionGuid = {19C637A8-5AC3-4550-BA0D-05FFD9FA23F1}
	EndGlobalSection
EndGlobal
