
Microsoft Visual Studio Solution File, Format Version 12.00
# Visual Studio Version 16
VisualStudioVersion = 16.0.30804.86
MinimumVisualStudioVersion = 10.0.40219.1
Project("{8BC9CEB8-8B4A-11D0-8D11-00A0C91BC942}") = "AshTemplateLibrary", "Framework\AshTemplateLibrary\AshTemplateLibrary.vcxproj", "{50806739-3115-49A2-8BD3-3E676EC85F71}"
EndProject
Project("{8BC9CEB8-8B4A-11D0-8D11-00A0C91BC942}") = "Core", "Framework\Core\Core.vcxproj", "{0B165D2D-2BEA-455A-BD3B-AD43CED8640C}"
EndProject
Project("{8BC9CEB8-8B4A-11D0-8D11-00A0C91BC942}") = "EngineMath", "Framework\Math\Math.vcxproj", "{528A854A-8248-4766-8C67-84E888F5DAE3}"
EndProject
Project("{8BC9CEB8-8B4A-11D0-8D11-00A0C91BC942}") = "PhysicsMath", "Framework\PhysicsMath\PhysicsMath.vcxproj", "{8C5AB4EE-E4EB-47D0-8D30-2734FBF7B450}"
EndProject
Project("{8BC9CEB8-8B4A-11D0-8D11-00A0C91BC942}") = "Networking", "Framework\Networking\Networking.vcxproj", "{1D120B6F-91BA-41F5-9AB7-840E6572B83B}"
EndProject
Project("{8BC9CEB8-8B4A-11D0-8D11-00A0C91BC942}") = "SingularityAI", "Framework\SingularityAI\SingularityAI.vcxproj", "{747F5FED-C73D-46CD-8FF8-9B5AB085BE14}"
EndProject
Project("{8BC9CEB8-8B4A-11D0-8D11-00A0C91BC942}") = "VulkanEngine", "Example_Projects\VulkanEngine\VulkanEngine.vcxproj", "{6D8DD2D7-BA79-4BDC-AEF1-573CE675B653}"
EndProject
Project("{2150E333-8FDC-42A3-9474-1A3956D46DE8}") = "Example_Projects", "Example_Projects", "{5FFC7654-1C19-4E24-9E3E-ED3D79B1B041}"
EndProject
Project("{2150E333-8FDC-42A3-9474-1A3956D46DE8}") = "Framework", "Framework", "{ECD5BED5-777A-43D1-B4CD-CE27946C3985}"
EndProject
Project("{2150E333-8FDC-42A3-9474-1A3956D46DE8}") = "External", "External", "{1BFE8982-FB39-4FE3-BEC9-2776D8FA45D7}"
EndProject
Project("{8BC9CEB8-8B4A-11D0-8D11-00A0C91BC942}") = "RapidXML", "External\RapidXML\RapidXML.vcxproj", "{31F09A4F-555E-42F7-A19B-647F2B714374}"
EndProject
Project("{8BC9CEB8-8B4A-11D0-8D11-00A0C91BC942}") = "VulkanRenderer", "Framework\VulkanRenderer\VulkanRenderer.vcxproj", "{0C89DEEA-08A7-4C8C-B27F-84CA02294515}"
EndProject
Project("{8BC9CEB8-8B4A-11D0-8D11-00A0C91BC942}") = "RendererAPI", "Framework\RendererAPI\RendererAPI.vcxproj", "{3F23E351-D7D0-4B13-9B70-E584D333F37C}"
EndProject
Project("{8BC9CEB8-8B4A-11D0-8D11-00A0C91BC942}") = "glfw", "External\GLFW\src\glfw.vcxproj", "{C376D310-6F00-3261-81E7-E4DA29506C2D}"
EndProject
Global
	GlobalSection(SolutionConfigurationPlatforms) = preSolution
		Debug|x64 = Debug|x64
		Debug|x86 = Debug|x86
		MinSizeRel|x64 = MinSizeRel|x64
		MinSizeRel|x86 = MinSizeRel|x86
		Release|x64 = Release|x64
		Release|x86 = Release|x86
		RelWithDebInfo|x64 = RelWithDebInfo|x64
		RelWithDebInfo|x86 = RelWithDebInfo|x86
	EndGlobalSection
	GlobalSection(ProjectConfigurationPlatforms) = postSolution
		{50806739-3115-49A2-8BD3-3E676EC85F71}.Debug|x64.ActiveCfg = Debug|x64
		{50806739-3115-49A2-8BD3-3E676EC85F71}.Debug|x64.Build.0 = Debug|x64
		{50806739-3115-49A2-8BD3-3E676EC85F71}.Debug|x86.ActiveCfg = Debug|Win32
		{50806739-3115-49A2-8BD3-3E676EC85F71}.Debug|x86.Build.0 = Debug|Win32
		{50806739-3115-49A2-8BD3-3E676EC85F71}.MinSizeRel|x64.ActiveCfg = Release|x64
		{50806739-3115-49A2-8BD3-3E676EC85F71}.MinSizeRel|x64.Build.0 = Release|x64
		{50806739-3115-49A2-8BD3-3E676EC85F71}.MinSizeRel|x86.ActiveCfg = Release|Win32
		{50806739-3115-49A2-8BD3-3E676EC85F71}.MinSizeRel|x86.Build.0 = Release|Win32
		{50806739-3115-49A2-8BD3-3E676EC85F71}.Release|x64.ActiveCfg = Release|x64
		{50806739-3115-49A2-8BD3-3E676EC85F71}.Release|x64.Build.0 = Release|x64
		{50806739-3115-49A2-8BD3-3E676EC85F71}.Release|x86.ActiveCfg = Release|Win32
		{50806739-3115-49A2-8BD3-3E676EC85F71}.Release|x86.Build.0 = Release|Win32
		{50806739-3115-49A2-8BD3-3E676EC85F71}.RelWithDebInfo|x64.ActiveCfg = Release|x64
		{50806739-3115-49A2-8BD3-3E676EC85F71}.RelWithDebInfo|x64.Build.0 = Release|x64
		{50806739-3115-49A2-8BD3-3E676EC85F71}.RelWithDebInfo|x86.ActiveCfg = Release|Win32
		{50806739-3115-49A2-8BD3-3E676EC85F71}.RelWithDebInfo|x86.Build.0 = Release|Win32
		{0B165D2D-2BEA-455A-BD3B-AD43CED8640C}.Debug|x64.ActiveCfg = Debug|x64
		{0B165D2D-2BEA-455A-BD3B-AD43CED8640C}.Debug|x64.Build.0 = Debug|x64
		{0B165D2D-2BEA-455A-BD3B-AD43CED8640C}.Debug|x86.ActiveCfg = Debug|Win32
		{0B165D2D-2BEA-455A-BD3B-AD43CED8640C}.Debug|x86.Build.0 = Debug|Win32
		{0B165D2D-2BEA-455A-BD3B-AD43CED8640C}.MinSizeRel|x64.ActiveCfg = Release|x64
		{0B165D2D-2BEA-455A-BD3B-AD43CED8640C}.MinSizeRel|x64.Build.0 = Release|x64
		{0B165D2D-2BEA-455A-BD3B-AD43CED8640C}.MinSizeRel|x86.ActiveCfg = Release|Win32
		{0B165D2D-2BEA-455A-BD3B-AD43CED8640C}.MinSizeRel|x86.Build.0 = Release|Win32
		{0B165D2D-2BEA-455A-BD3B-AD43CED8640C}.Release|x64.ActiveCfg = Release|x64
		{0B165D2D-2BEA-455A-BD3B-AD43CED8640C}.Release|x64.Build.0 = Release|x64
		{0B165D2D-2BEA-455A-BD3B-AD43CED8640C}.Release|x86.ActiveCfg = Release|Win32
		{0B165D2D-2BEA-455A-BD3B-AD43CED8640C}.Release|x86.Build.0 = Release|Win32
		{0B165D2D-2BEA-455A-BD3B-AD43CED8640C}.RelWithDebInfo|x64.ActiveCfg = Release|x64
		{0B165D2D-2BEA-455A-BD3B-AD43CED8640C}.RelWithDebInfo|x64.Build.0 = Release|x64
		{0B165D2D-2BEA-455A-BD3B-AD43CED8640C}.RelWithDebInfo|x86.ActiveCfg = Release|Win32
		{0B165D2D-2BEA-455A-BD3B-AD43CED8640C}.RelWithDebInfo|x86.Build.0 = Release|Win32
		{528A854A-8248-4766-8C67-84E888F5DAE3}.Debug|x64.ActiveCfg = Debug|x64
		{528A854A-8248-4766-8C67-84E888F5DAE3}.Debug|x64.Build.0 = Debug|x64
		{528A854A-8248-4766-8C67-84E888F5DAE3}.Debug|x86.ActiveCfg = Debug|Win32
		{528A854A-8248-4766-8C67-84E888F5DAE3}.Debug|x86.Build.0 = Debug|Win32
		{528A854A-8248-4766-8C67-84E888F5DAE3}.MinSizeRel|x64.ActiveCfg = Release|x64
		{528A854A-8248-4766-8C67-84E888F5DAE3}.MinSizeRel|x64.Build.0 = Release|x64
		{528A854A-8248-4766-8C67-84E888F5DAE3}.MinSizeRel|x86.ActiveCfg = Release|Win32
		{528A854A-8248-4766-8C67-84E888F5DAE3}.MinSizeRel|x86.Build.0 = Release|Win32
		{528A854A-8248-4766-8C67-84E888F5DAE3}.Release|x64.ActiveCfg = Release|x64
		{528A854A-8248-4766-8C67-84E888F5DAE3}.Release|x64.Build.0 = Release|x64
		{528A854A-8248-4766-8C67-84E888F5DAE3}.Release|x86.ActiveCfg = Release|Win32
		{528A854A-8248-4766-8C67-84E888F5DAE3}.Release|x86.Build.0 = Release|Win32
		{528A854A-8248-4766-8C67-84E888F5DAE3}.RelWithDebInfo|x64.ActiveCfg = Release|x64
		{528A854A-8248-4766-8C67-84E888F5DAE3}.RelWithDebInfo|x64.Build.0 = Release|x64
		{528A854A-8248-4766-8C67-84E888F5DAE3}.RelWithDebInfo|x86.ActiveCfg = Release|Win32
		{528A854A-8248-4766-8C67-84E888F5DAE3}.RelWithDebInfo|x86.Build.0 = Release|Win32
		{8C5AB4EE-E4EB-47D0-8D30-2734FBF7B450}.Debug|x64.ActiveCfg = Debug|x64
		{8C5AB4EE-E4EB-47D0-8D30-2734FBF7B450}.Debug|x64.Build.0 = Debug|x64
		{8C5AB4EE-E4EB-47D0-8D30-2734FBF7B450}.Debug|x86.ActiveCfg = Debug|Win32
		{8C5AB4EE-E4EB-47D0-8D30-2734FBF7B450}.Debug|x86.Build.0 = Debug|Win32
		{8C5AB4EE-E4EB-47D0-8D30-2734FBF7B450}.MinSizeRel|x64.ActiveCfg = Release|x64
		{8C5AB4EE-E4EB-47D0-8D30-2734FBF7B450}.MinSizeRel|x64.Build.0 = Release|x64
		{8C5AB4EE-E4EB-47D0-8D30-2734FBF7B450}.MinSizeRel|x86.ActiveCfg = Release|Win32
		{8C5AB4EE-E4EB-47D0-8D30-2734FBF7B450}.MinSizeRel|x86.Build.0 = Release|Win32
		{8C5AB4EE-E4EB-47D0-8D30-2734FBF7B450}.Release|x64.ActiveCfg = Release|x64
		{8C5AB4EE-E4EB-47D0-8D30-2734FBF7B450}.Release|x64.Build.0 = Release|x64
		{8C5AB4EE-E4EB-47D0-8D30-2734FBF7B450}.Release|x86.ActiveCfg = Release|Win32
		{8C5AB4EE-E4EB-47D0-8D30-2734FBF7B450}.Release|x86.Build.0 = Release|Win32
		{8C5AB4EE-E4EB-47D0-8D30-2734FBF7B450}.RelWithDebInfo|x64.ActiveCfg = Release|x64
		{8C5AB4EE-E4EB-47D0-8D30-2734FBF7B450}.RelWithDebInfo|x64.Build.0 = Release|x64
		{8C5AB4EE-E4EB-47D0-8D30-2734FBF7B450}.RelWithDebInfo|x86.ActiveCfg = Release|Win32
		{8C5AB4EE-E4EB-47D0-8D30-2734FBF7B450}.RelWithDebInfo|x86.Build.0 = Release|Win32
		{1D120B6F-91BA-41F5-9AB7-840E6572B83B}.Debug|x64.ActiveCfg = Debug|x64
		{1D120B6F-91BA-41F5-9AB7-840E6572B83B}.Debug|x64.Build.0 = Debug|x64
		{1D120B6F-91BA-41F5-9AB7-840E6572B83B}.Debug|x86.ActiveCfg = Debug|Win32
		{1D120B6F-91BA-41F5-9AB7-840E6572B83B}.Debug|x86.Build.0 = Debug|Win32
		{1D120B6F-91BA-41F5-9AB7-840E6572B83B}.MinSizeRel|x64.ActiveCfg = Release|x64
		{1D120B6F-91BA-41F5-9AB7-840E6572B83B}.MinSizeRel|x64.Build.0 = Release|x64
		{1D120B6F-91BA-41F5-9AB7-840E6572B83B}.MinSizeRel|x86.ActiveCfg = Release|Win32
		{1D120B6F-91BA-41F5-9AB7-840E6572B83B}.MinSizeRel|x86.Build.0 = Release|Win32
		{1D120B6F-91BA-41F5-9AB7-840E6572B83B}.Release|x64.ActiveCfg = Release|x64
		{1D120B6F-91BA-41F5-9AB7-840E6572B83B}.Release|x64.Build.0 = Release|x64
		{1D120B6F-91BA-41F5-9AB7-840E6572B83B}.Release|x86.ActiveCfg = Release|Win32
		{1D120B6F-91BA-41F5-9AB7-840E6572B83B}.Release|x86.Build.0 = Release|Win32
		{1D120B6F-91BA-41F5-9AB7-840E6572B83B}.RelWithDebInfo|x64.ActiveCfg = Release|x64
		{1D120B6F-91BA-41F5-9AB7-840E6572B83B}.RelWithDebInfo|x64.Build.0 = Release|x64
		{1D120B6F-91BA-41F5-9AB7-840E6572B83B}.RelWithDebInfo|x86.ActiveCfg = Release|Win32
		{1D120B6F-91BA-41F5-9AB7-840E6572B83B}.RelWithDebInfo|x86.Build.0 = Release|Win32
		{747F5FED-C73D-46CD-8FF8-9B5AB085BE14}.Debug|x64.ActiveCfg = Debug|x64
		{747F5FED-C73D-46CD-8FF8-9B5AB085BE14}.Debug|x64.Build.0 = Debug|x64
		{747F5FED-C73D-46CD-8FF8-9B5AB085BE14}.Debug|x86.ActiveCfg = Debug|Win32
		{747F5FED-C73D-46CD-8FF8-9B5AB085BE14}.Debug|x86.Build.0 = Debug|Win32
		{747F5FED-C73D-46CD-8FF8-9B5AB085BE14}.MinSizeRel|x64.ActiveCfg = Release|x64
		{747F5FED-C73D-46CD-8FF8-9B5AB085BE14}.MinSizeRel|x64.Build.0 = Release|x64
		{747F5FED-C73D-46CD-8FF8-9B5AB085BE14}.MinSizeRel|x86.ActiveCfg = Release|Win32
		{747F5FED-C73D-46CD-8FF8-9B5AB085BE14}.MinSizeRel|x86.Build.0 = Release|Win32
		{747F5FED-C73D-46CD-8FF8-9B5AB085BE14}.Release|x64.ActiveCfg = Release|x64
		{747F5FED-C73D-46CD-8FF8-9B5AB085BE14}.Release|x64.Build.0 = Release|x64
		{747F5FED-C73D-46CD-8FF8-9B5AB085BE14}.Release|x86.ActiveCfg = Release|Win32
		{747F5FED-C73D-46CD-8FF8-9B5AB085BE14}.Release|x86.Build.0 = Release|Win32
		{747F5FED-C73D-46CD-8FF8-9B5AB085BE14}.RelWithDebInfo|x64.ActiveCfg = Release|x64
		{747F5FED-C73D-46CD-8FF8-9B5AB085BE14}.RelWithDebInfo|x64.Build.0 = Release|x64
		{747F5FED-C73D-46CD-8FF8-9B5AB085BE14}.RelWithDebInfo|x86.ActiveCfg = Release|Win32
		{747F5FED-C73D-46CD-8FF8-9B5AB085BE14}.RelWithDebInfo|x86.Build.0 = Release|Win32
		{6D8DD2D7-BA79-4BDC-AEF1-573CE675B653}.Debug|x64.ActiveCfg = Debug|x64
		{6D8DD2D7-BA79-4BDC-AEF1-573CE675B653}.Debug|x64.Build.0 = Debug|x64
		{6D8DD2D7-BA79-4BDC-AEF1-573CE675B653}.Debug|x86.ActiveCfg = Debug|Win32
		{6D8DD2D7-BA79-4BDC-AEF1-573CE675B653}.Debug|x86.Build.0 = Debug|Win32
		{6D8DD2D7-BA79-4BDC-AEF1-573CE675B653}.MinSizeRel|x64.ActiveCfg = Release|x64
		{6D8DD2D7-BA79-4BDC-AEF1-573CE675B653}.MinSizeRel|x64.Build.0 = Release|x64
		{6D8DD2D7-BA79-4BDC-AEF1-573CE675B653}.MinSizeRel|x86.ActiveCfg = Release|Win32
		{6D8DD2D7-BA79-4BDC-AEF1-573CE675B653}.MinSizeRel|x86.Build.0 = Release|Win32
		{6D8DD2D7-BA79-4BDC-AEF1-573CE675B653}.Release|x64.ActiveCfg = Release|x64
		{6D8DD2D7-BA79-4BDC-AEF1-573CE675B653}.Release|x64.Build.0 = Release|x64
		{6D8DD2D7-BA79-4BDC-AEF1-573CE675B653}.Release|x86.ActiveCfg = Release|Win32
		{6D8DD2D7-BA79-4BDC-AEF1-573CE675B653}.Release|x86.Build.0 = Release|Win32
		{6D8DD2D7-BA79-4BDC-AEF1-573CE675B653}.RelWithDebInfo|x64.ActiveCfg = Release|x64
		{6D8DD2D7-BA79-4BDC-AEF1-573CE675B653}.RelWithDebInfo|x64.Build.0 = Release|x64
		{6D8DD2D7-BA79-4BDC-AEF1-573CE675B653}.RelWithDebInfo|x86.ActiveCfg = Release|Win32
		{6D8DD2D7-BA79-4BDC-AEF1-573CE675B653}.RelWithDebInfo|x86.Build.0 = Release|Win32
		{31F09A4F-555E-42F7-A19B-647F2B714374}.Debug|x64.ActiveCfg = Debug|x64
		{31F09A4F-555E-42F7-A19B-647F2B714374}.Debug|x64.Build.0 = Debug|x64
		{31F09A4F-555E-42F7-A19B-647F2B714374}.Debug|x86.ActiveCfg = Debug|Win32
		{31F09A4F-555E-42F7-A19B-647F2B714374}.Debug|x86.Build.0 = Debug|Win32
		{31F09A4F-555E-42F7-A19B-647F2B714374}.MinSizeRel|x64.ActiveCfg = Release|x64
		{31F09A4F-555E-42F7-A19B-647F2B714374}.MinSizeRel|x64.Build.0 = Release|x64
		{31F09A4F-555E-42F7-A19B-647F2B714374}.MinSizeRel|x86.ActiveCfg = Release|Win32
		{31F09A4F-555E-42F7-A19B-647F2B714374}.MinSizeRel|x86.Build.0 = Release|Win32
		{31F09A4F-555E-42F7-A19B-647F2B714374}.Release|x64.ActiveCfg = Release|x64
		{31F09A4F-555E-42F7-A19B-647F2B714374}.Release|x64.Build.0 = Release|x64
		{31F09A4F-555E-42F7-A19B-647F2B714374}.Release|x86.ActiveCfg = Release|Win32
		{31F09A4F-555E-42F7-A19B-647F2B714374}.Release|x86.Build.0 = Release|Win32
		{31F09A4F-555E-42F7-A19B-647F2B714374}.RelWithDebInfo|x64.ActiveCfg = Release|x64
		{31F09A4F-555E-42F7-A19B-647F2B714374}.RelWithDebInfo|x64.Build.0 = Release|x64
		{31F09A4F-555E-42F7-A19B-647F2B714374}.RelWithDebInfo|x86.ActiveCfg = Release|Win32
		{31F09A4F-555E-42F7-A19B-647F2B714374}.RelWithDebInfo|x86.Build.0 = Release|Win32
		{0C89DEEA-08A7-4C8C-B27F-84CA02294515}.Debug|x64.ActiveCfg = Debug|x64
		{0C89DEEA-08A7-4C8C-B27F-84CA02294515}.Debug|x64.Build.0 = Debug|x64
		{0C89DEEA-08A7-4C8C-B27F-84CA02294515}.Debug|x86.ActiveCfg = Debug|Win32
		{0C89DEEA-08A7-4C8C-B27F-84CA02294515}.Debug|x86.Build.0 = Debug|Win32
		{0C89DEEA-08A7-4C8C-B27F-84CA02294515}.MinSizeRel|x64.ActiveCfg = Release|x64
		{0C89DEEA-08A7-4C8C-B27F-84CA02294515}.MinSizeRel|x64.Build.0 = Release|x64
		{0C89DEEA-08A7-4C8C-B27F-84CA02294515}.MinSizeRel|x86.ActiveCfg = Release|Win32
		{0C89DEEA-08A7-4C8C-B27F-84CA02294515}.MinSizeRel|x86.Build.0 = Release|Win32
		{0C89DEEA-08A7-4C8C-B27F-84CA02294515}.Release|x64.ActiveCfg = Release|x64
		{0C89DEEA-08A7-4C8C-B27F-84CA02294515}.Release|x64.Build.0 = Release|x64
		{0C89DEEA-08A7-4C8C-B27F-84CA02294515}.Release|x86.ActiveCfg = Release|Win32
		{0C89DEEA-08A7-4C8C-B27F-84CA02294515}.Release|x86.Build.0 = Release|Win32
		{0C89DEEA-08A7-4C8C-B27F-84CA02294515}.RelWithDebInfo|x64.ActiveCfg = Release|x64
		{0C89DEEA-08A7-4C8C-B27F-84CA02294515}.RelWithDebInfo|x64.Build.0 = Release|x64
		{0C89DEEA-08A7-4C8C-B27F-84CA02294515}.RelWithDebInfo|x86.ActiveCfg = Release|Win32
		{0C89DEEA-08A7-4C8C-B27F-84CA02294515}.RelWithDebInfo|x86.Build.0 = Release|Win32
		{3F23E351-D7D0-4B13-9B70-E584D333F37C}.Debug|x64.ActiveCfg = Debug|x64
		{3F23E351-D7D0-4B13-9B70-E584D333F37C}.Debug|x64.Build.0 = Debug|x64
		{3F23E351-D7D0-4B13-9B70-E584D333F37C}.Debug|x86.ActiveCfg = Debug|Win32
		{3F23E351-D7D0-4B13-9B70-E584D333F37C}.Debug|x86.Build.0 = Debug|Win32
		{3F23E351-D7D0-4B13-9B70-E584D333F37C}.MinSizeRel|x64.ActiveCfg = Release|x64
		{3F23E351-D7D0-4B13-9B70-E584D333F37C}.MinSizeRel|x64.Build.0 = Release|x64
		{3F23E351-D7D0-4B13-9B70-E584D333F37C}.MinSizeRel|x86.ActiveCfg = Release|Win32
		{3F23E351-D7D0-4B13-9B70-E584D333F37C}.MinSizeRel|x86.Build.0 = Release|Win32
		{3F23E351-D7D0-4B13-9B70-E584D333F37C}.Release|x64.ActiveCfg = Release|x64
		{3F23E351-D7D0-4B13-9B70-E584D333F37C}.Release|x64.Build.0 = Release|x64
		{3F23E351-D7D0-4B13-9B70-E584D333F37C}.Release|x86.ActiveCfg = Release|Win32
		{3F23E351-D7D0-4B13-9B70-E584D333F37C}.Release|x86.Build.0 = Release|Win32
		{3F23E351-D7D0-4B13-9B70-E584D333F37C}.RelWithDebInfo|x64.ActiveCfg = Release|x64
		{3F23E351-D7D0-4B13-9B70-E584D333F37C}.RelWithDebInfo|x64.Build.0 = Release|x64
		{3F23E351-D7D0-4B13-9B70-E584D333F37C}.RelWithDebInfo|x86.ActiveCfg = Release|Win32
		{3F23E351-D7D0-4B13-9B70-E584D333F37C}.RelWithDebInfo|x86.Build.0 = Release|Win32
		{C376D310-6F00-3261-81E7-E4DA29506C2D}.Debug|x64.ActiveCfg = Debug|x64
		{C376D310-6F00-3261-81E7-E4DA29506C2D}.Debug|x64.Build.0 = Debug|x64
		{C376D310-6F00-3261-81E7-E4DA29506C2D}.Debug|x86.ActiveCfg = Debug|x64
		{C376D310-6F00-3261-81E7-E4DA29506C2D}.MinSizeRel|x64.ActiveCfg = MinSizeRel|x64
		{C376D310-6F00-3261-81E7-E4DA29506C2D}.MinSizeRel|x64.Build.0 = MinSizeRel|x64
		{C376D310-6F00-3261-81E7-E4DA29506C2D}.MinSizeRel|x86.ActiveCfg = MinSizeRel|x64
		{C376D310-6F00-3261-81E7-E4DA29506C2D}.Release|x64.ActiveCfg = Release|x64
		{C376D310-6F00-3261-81E7-E4DA29506C2D}.Release|x64.Build.0 = Release|x64
		{C376D310-6F00-3261-81E7-E4DA29506C2D}.Release|x86.ActiveCfg = Release|x64
		{C376D310-6F00-3261-81E7-E4DA29506C2D}.RelWithDebInfo|x64.ActiveCfg = RelWithDebInfo|x64
		{C376D310-6F00-3261-81E7-E4DA29506C2D}.RelWithDebInfo|x64.Build.0 = RelWithDebInfo|x64
		{C376D310-6F00-3261-81E7-E4DA29506C2D}.RelWithDebInfo|x86.ActiveCfg = RelWithDebInfo|x64
	EndGlobalSection
	GlobalSection(SolutionProperties) = preSolution
		HideSolutionNode = FALSE
	EndGlobalSection
	GlobalSection(NestedProjects) = preSolution
		{50806739-3115-49A2-8BD3-3E676EC85F71} = {ECD5BED5-777A-43D1-B4CD-CE27946C3985}
		{0B165D2D-2BEA-455A-BD3B-AD43CED8640C} = {ECD5BED5-777A-43D1-B4CD-CE27946C3985}
		{528A854A-8248-4766-8C67-84E888F5DAE3} = {ECD5BED5-777A-43D1-B4CD-CE27946C3985}
		{8C5AB4EE-E4EB-47D0-8D30-2734FBF7B450} = {ECD5BED5-777A-43D1-B4CD-CE27946C3985}
		{1D120B6F-91BA-41F5-9AB7-840E6572B83B} = {ECD5BED5-777A-43D1-B4CD-CE27946C3985}
		{747F5FED-C73D-46CD-8FF8-9B5AB085BE14} = {ECD5BED5-777A-43D1-B4CD-CE27946C3985}
		{6D8DD2D7-BA79-4BDC-AEF1-573CE675B653} = {5FFC7654-1C19-4E24-9E3E-ED3D79B1B041}
		{31F09A4F-555E-42F7-A19B-647F2B714374} = {1BFE8982-FB39-4FE3-BEC9-2776D8FA45D7}
		{0C89DEEA-08A7-4C8C-B27F-84CA02294515} = {ECD5BED5-777A-43D1-B4CD-CE27946C3985}
		{3F23E351-D7D0-4B13-9B70-E584D333F37C} = {ECD5BED5-777A-43D1-B4CD-CE27946C3985}
		{C376D310-6F00-3261-81E7-E4DA29506C2D} = {1BFE8982-FB39-4FE3-BEC9-2776D8FA45D7}
	EndGlobalSection
	GlobalSection(ExtensibilityGlobals) = postSolution
		SolutionGuid = {19C637A8-5AC3-4550-BA0D-05FFD9FA23F1}
	EndGlobalSection
EndGlobal
