<?xml version="1.0" encoding="utf-8"?>
<Project ToolsVersion="4.0" xmlns="http://schemas.microsoft.com/developer/msbuild/2003">
  <ItemGroup>
    <Filter Include="Inc">
      <UniqueIdentifier>{1bbdb96b-bccb-41fb-a3c2-bd0c597f1fbf}</UniqueIdentifier>
    </Filter>
    <Filter Include="Src">
      <UniqueIdentifier>{7f233af8-b9f5-43c9-beb9-7c9d2061b5ec}</UniqueIdentifier>
    </Filter>
  </ItemGroup>
  <ItemGroup>
    <ClInclude Include="Inc\Common.h">
      <Filter>Inc</Filter>
    </ClInclude>
    <ClInclude Include="Inc\NetworkAddress.h">
      <Filter>Inc</Filter>
    </ClInclude>
    <ClInclude Include="Inc\Networking.h">
      <Filter>Inc</Filter>
    </ClInclude>
    <ClInclude Include="Inc\NetworkingSystem.h">
      <Filter>Inc</Filter>
    </ClInclude>
    <ClInclude Include="Inc\NetworkSocket.h">
      <Filter>Inc</Filter>
    </ClInclude>
    <ClInclude Include="Inc\NetworkData.h">
      <Filter>Inc</Filter>
    </ClInclude>
    <ClInclude Include="Src\Precompiled.h">
      <Filter>Src</Filter>
    </ClInclude>
    <ClInclude Include="Inc\NetworkUtil.h">
      <Filter>Inc</Filter>
    </ClInclude>
    <ClInclude Include="Inc\Server.h">
      <Filter>Inc</Filter>
    </ClInclude>
    <ClInclude Include="PacketFactory.h">
      <Filter>Inc</Filter>
    </ClInclude>
    <ClInclude Include="ConnectionManager.h">
      <Filter>Inc</Filter>
    </ClInclude>
  </ItemGroup>
  <ItemGroup>
    <ClCompile Include="Src\NetworkingSystem.cpp">
      <Filter>Src</Filter>
    </ClCompile>
    <ClCompile Include="Src\NetworkAddress.cpp">
      <Filter>Src</Filter>
    </ClCompile>
    <ClCompile Include="Src\NetworkSocket.cpp">
      <Filter>Src</Filter>
    </ClCompile>
    <ClCompile Include="Src\Precompiled.cpp">
      <Filter>Src</Filter>
    </ClCompile>
    <ClCompile Include="Src\Server.cpp">
      <Filter>Src</Filter>
    </ClCompile>
    <ClCompile Include="Src\NetworkUtil.cpp">
      <Filter>Src</Filter>
    </ClCompile>
    <ClCompile Include="ConnectionManager.cpp">
      <Filter>Src</Filter>
    </ClCompile>
  </ItemGroup>
</Project>