<?xml version="1.0" encoding="utf-8"?>
<Project ToolsVersion="4.0" xmlns="http://schemas.microsoft.com/developer/msbuild/2003">
  <ItemGroup>
    <ClInclude Include="Inc\Common.h">
      <Filter>Inc</Filter>
    </ClInclude>
    <ClInclude Include="resource.h">
      <Filter>Inc</Filter>
    </ClInclude>
    <ClInclude Include="Inc\Sampler.h">
      <Filter>Inc</Filter>
    </ClInclude>
    <ClInclude Include="Inc\VulkanFunctions.h">
      <Filter>Inc</Filter>
    </ClInclude>
    <ClInclude Include="Inc\VulkanParameters.h">
      <Filter>Inc</Filter>
    </ClInclude>
    <ClInclude Include="Inc\VulkanRenderer.h">
      <Filter>Inc</Filter>
    </ClInclude>
    <ClInclude Include="Inc\Image2D.h">
      <Filter>Inc\ImageClasses</Filter>
    </ClInclude>
    <ClInclude Include="Inc\ImageCubeMap.h">
      <Filter>Inc\ImageClasses</Filter>
    </ClInclude>
    <ClInclude Include="Inc\SampledImage.h">
      <Filter>Inc\ImageClasses</Filter>
    </ClInclude>
    <ClInclude Include="Inc\CombinedImageSampler.h">
      <Filter>Inc\ImageClasses</Filter>
    </ClInclude>
    <ClInclude Include="Src\Precompiled.h">
      <Filter>Src</Filter>
    </ClInclude>
    <ClInclude Include="Inc\BufferView.h">
      <Filter>Inc\Buffers</Filter>
    </ClInclude>
    <ClInclude Include="Inc\MemBuffer.h">
      <Filter>Inc\Buffers</Filter>
    </ClInclude>
    <ClInclude Include="Inc\UniformTexelBuffer.h">
      <Filter>Inc\Buffers</Filter>
    </ClInclude>
    <ClInclude Include="Inc\StorageImage.h">
      <Filter>Inc\ImageClasses</Filter>
    </ClInclude>
    <ClInclude Include="Inc\StorageTexelBuffer.h">
      <Filter>Inc\Buffers</Filter>
    </ClInclude>
    <ClInclude Include="Inc\UniformBuffer.h">
      <Filter>Inc\Buffers</Filter>
    </ClInclude>
    <ClInclude Include="Inc\StorageBuffer.h">
      <Filter>Inc\Buffers</Filter>
    </ClInclude>
    <ClInclude Include="Inc\InputAttachment.h">
      <Filter>Inc\ImageClasses</Filter>
    </ClInclude>
    <ClInclude Include="Inc\DescriptorSetLayout.h">
      <Filter>Inc\DescriptorSets</Filter>
    </ClInclude>
    <ClInclude Include="Inc\DescriptorPool.h">
      <Filter>Inc\DescriptorSets</Filter>
    </ClInclude>
    <ClInclude Include="Inc\DescriptorInfos.h">
      <Filter>Inc\DescriptorSets</Filter>
    </ClInclude>
    <ClInclude Include="Inc\DescriptorSet.h">
      <Filter>Inc\DescriptorSets</Filter>
    </ClInclude>
    <ClInclude Include="Inc\TextureUniformBufferDescriptor.h">
      <Filter>Inc\DescriptorSets</Filter>
    </ClInclude>
    <ClInclude Include="Inc\SubpassParameters.h" />
    <ClInclude Include="Inc\ShaderModule.h" />
    <ClInclude Include="Inc\Pipeline.h" />
    <ClInclude Include="Inc\VertexTypes.h" />
    <ClInclude Include="Inc\VulkanDevice.h">
      <Filter>Inc</Filter>
    </ClInclude>
    <ClInclude Include="Inc\VulkanContext.h">
      <Filter>Inc</Filter>
    </ClInclude>
    <ClInclude Include="Inc\VulkanUtils.h" />
    <ClInclude Include="Inc\VulkanInstance.h">
      <Filter>Inc</Filter>
    </ClInclude>
    <ClInclude Include="Inc\VulkanLibraryLoader.h">
      <Filter>Inc</Filter>
    </ClInclude>
    <ClInclude Include="Inc\VulkanSwapChain.h">
      <Filter>Inc</Filter>
    </ClInclude>
    <ClInclude Include="Inc\VulkanMemoryAllocator.h" />
    <ClInclude Include="Inc\VulkanCommandPool.h">
      <Filter>Inc</Filter>
    </ClInclude>
    <ClInclude Include="Inc\VulkanQueue.h">
      <Filter>Inc</Filter>
    </ClInclude>
    <ClInclude Include="Inc\VulkanCommandBuffers.h">
      <Filter>Inc</Filter>
    </ClInclude>
    <ClInclude Include="Inc\VulkanDepthStencil.h" />
    <ClInclude Include="Inc\VulkanImage.h">
      <Filter>Inc\Buffers</Filter>
    </ClInclude>
    <ClInclude Include="Inc\VulkanMemoryObject.h">
      <Filter>Inc</Filter>
    </ClInclude>
    <ClInclude Include="Inc\VulkanImageView.h">
      <Filter>Inc\ImageClasses</Filter>
    </ClInclude>
    <ClInclude Include="Inc\VulkanSemaphore.h">
      <Filter>Inc</Filter>
    </ClInclude>
    <ClInclude Include="Inc\VulkanFence.h">
      <Filter>Inc</Filter>
    </ClInclude>
    <ClInclude Include="Inc\VulkanRenderPass.h" />
    <ClInclude Include="Inc\VulkanFrameBuffer.h" />
    <ClInclude Include="Inc\PlatformSurfaceCreation.h">
      <Filter>Inc</Filter>
    </ClInclude>
  </ItemGroup>
  <ItemGroup>
    <ClCompile Include="Src\precompiled.cpp">
      <Filter>Src</Filter>
    </ClCompile>
    <ClCompile Include="Src\Sampler.cpp">
      <Filter>Src</Filter>
    </ClCompile>
    <ClCompile Include="Src\VulkanFunctions.cpp">
      <Filter>Src</Filter>
    </ClCompile>
    <ClCompile Include="Src\CombinedImageSampler.cpp">
      <Filter>Src\ImageClasses</Filter>
    </ClCompile>
    <ClCompile Include="Src\Image2D.cpp">
      <Filter>Src\ImageClasses</Filter>
    </ClCompile>
    <ClCompile Include="Src\ImageCubeMap.cpp">
      <Filter>Src\ImageClasses</Filter>
    </ClCompile>
    <ClCompile Include="Src\SampledImage.cpp">
      <Filter>Src\ImageClasses</Filter>
    </ClCompile>
    <ClCompile Include="Src\BufferView.cpp">
      <Filter>Src\Buffers</Filter>
    </ClCompile>
    <ClCompile Include="Src\MemBuffer.cpp">
      <Filter>Src\Buffers</Filter>
    </ClCompile>
    <ClCompile Include="Src\StorageImage.cpp">
      <Filter>Src\ImageClasses</Filter>
    </ClCompile>
    <ClCompile Include="Src\StorageTexelBuffer.cpp">
      <Filter>Src\Buffers</Filter>
    </ClCompile>
    <ClCompile Include="Src\UniformTexelBuffer.cpp">
      <Filter>Src\Buffers</Filter>
    </ClCompile>
    <ClCompile Include="Src\UniformBuffer.cpp">
      <Filter>Src\Buffers</Filter>
    </ClCompile>
    <ClCompile Include="Src\InputAttachment.cpp">
      <Filter>Src\ImageClasses</Filter>
    </ClCompile>
    <ClCompile Include="Src\StorageBuffer.cpp">
      <Filter>Src\Buffers</Filter>
    </ClCompile>
    <ClCompile Include="Src\DescriptorSetLayout.cpp">
      <Filter>Src\DescriptorSets</Filter>
    </ClCompile>
    <ClCompile Include="Src\DescriptorPool.cpp">
      <Filter>Src\DescriptorSets</Filter>
    </ClCompile>
    <ClCompile Include="Src\DescriptorSet.cpp">
      <Filter>Src\DescriptorSets</Filter>
    </ClCompile>
    <ClCompile Include="Src\TextureUniformBufferDescriptor.cpp">
      <Filter>Src\DescriptorSets</Filter>
    </ClCompile>
    <ClCompile Include="Src\SubpassParameters.cpp" />
    <ClCompile Include="Src\ShaderModule.cpp" />
    <ClCompile Include="Src\Pipeline.cpp" />
    <ClCompile Include="Src\VulkanDevice.cpp">
      <Filter>Src</Filter>
    </ClCompile>
    <ClCompile Include="Src\VulkanContext.cpp">
      <Filter>Src</Filter>
    </ClCompile>
    <ClCompile Include="Src\VulkanInstance.cpp">
      <Filter>Src</Filter>
    </ClCompile>
    <ClCompile Include="Src\VulkanLibraryLoader.cpp">
      <Filter>Src</Filter>
    </ClCompile>
    <ClCompile Include="Src\VulkanSwapChain.cpp">
      <Filter>Src</Filter>
    </ClCompile>
    <ClCompile Include="Src\VulkanMemoryAllocator.cpp" />
    <ClCompile Include="Src\VulkanCommandPool.cpp">
      <Filter>Src\ImageClasses</Filter>
    </ClCompile>
    <ClCompile Include="Src\VulkanQueue.cpp">
      <Filter>Src</Filter>
    </ClCompile>
    <ClCompile Include="Src\VulkanCommandBuffers.cpp">
      <Filter>Src</Filter>
    </ClCompile>
    <ClCompile Include="Src\VulkanImage.cpp">
      <Filter>Src\ImageClasses</Filter>
    </ClCompile>
    <ClCompile Include="Src\VulkanDepthStencil.cpp" />
    <ClCompile Include="Src\VulkanMemoryObject.cpp">
      <Filter>Src</Filter>
    </ClCompile>
    <ClCompile Include="Src\VulkanImageView.cpp">
      <Filter>Src\ImageClasses</Filter>
    </ClCompile>
    <ClCompile Include="Src\VulkanSemaphore.cpp">
      <Filter>Src</Filter>
    </ClCompile>
    <ClCompile Include="Src\VulkanFence.cpp">
      <Filter>Src</Filter>
    </ClCompile>
    <ClCompile Include="Src\VulkanRenderPass.cpp" />
    <ClCompile Include="Src\VulkanFrameBuffer.cpp" />
    <ClCompile Include="Src\VulkanUtils.cpp" />
    <ClCompile Include="Src\PlatformSurfaceCreation.cpp">
      <Filter>Src</Filter>
    </ClCompile>
  </ItemGroup>
  <ItemGroup>
    <ResourceCompile Include="VulkanRenderer.rc" />
  </ItemGroup>
  <ItemGroup>
    <Filter Include="Inc">
      <UniqueIdentifier>{63722d09-f587-4e84-9975-b291f333caca}</UniqueIdentifier>
    </Filter>
    <Filter Include="Src">
      <UniqueIdentifier>{c67db9a2-fbbf-4498-a75d-dd8f2f3e0027}</UniqueIdentifier>
    </Filter>
    <Filter Include="Src\ImageClasses">
      <UniqueIdentifier>{071a8511-f6e3-42ac-bb6b-62d39ff0dd03}</UniqueIdentifier>
    </Filter>
    <Filter Include="Inc\Buffers">
      <UniqueIdentifier>{1a7ddbb2-4a71-4355-b4f4-6e3e98be5b13}</UniqueIdentifier>
    </Filter>
    <Filter Include="Src\Buffers">
      <UniqueIdentifier>{f27cf3f8-b2c5-4044-9263-beda875d7162}</UniqueIdentifier>
    </Filter>
    <Filter Include="Inc\DescriptorSets">
      <UniqueIdentifier>{d00d4895-9382-4746-b338-810149f6dd6f}</UniqueIdentifier>
    </Filter>
    <Filter Include="Src\DescriptorSets">
      <UniqueIdentifier>{4f2704d6-7feb-4495-bc4b-1a42f9ab6183}</UniqueIdentifier>
    </Filter>
    <Filter Include="Inc\ImageClasses">
      <UniqueIdentifier>{adcf78fe-5d55-44b6-b258-8bd636a8e6eb}</UniqueIdentifier>
    </Filter>
    <Filter Include="Src\RenderPasses">
      <UniqueIdentifier>{353fd4c4-2376-45d4-bc83-5cb5a7bc028d}</UniqueIdentifier>
    </Filter>
    <Filter Include="Inc\RenderPasses">
      <UniqueIdentifier>{d85fc20a-7182-459b-bd4e-f36bdb2280ee}</UniqueIdentifier>
    </Filter>
  </ItemGroup>
  <ItemGroup>
    <None Include="Inc\ListOfVulkanFunctions.inl">
      <Filter>Inc</Filter>
    </None>
  </ItemGroup>
</Project>