<?xml version="1.0" encoding="utf-8"?>
<Project ToolsVersion="4.0" xmlns="http://schemas.microsoft.com/developer/msbuild/2003">
  <ItemGroup>
    <ClInclude Include="Inc\Common.h">
      <Filter>Inc</Filter>
    </ClInclude>
    <ClInclude Include="Inc\Precompiled.h">
      <Filter>Src</Filter>
    </ClInclude>
    <ClInclude Include="Inc\Vulkan\Buffers\VulkanUniformBuffer.h">
      <Filter>Inc\Vulkan\Buffers</Filter>
    </ClInclude>
    <ClInclude Include="Inc\Vulkan\Texture\VulkanImage.h">
      <Filter>Inc\Vulkan\Buffers</Filter>
    </ClInclude>
    <ClInclude Include="Inc\Vulkan\Texture\VulkanImageView.h">
      <Filter>Inc\Vulkan\ImageClasses</Filter>
    </ClInclude>
    <ClInclude Include="Inc\Vulkan\Util\PlatformSurfaceCreation.h">
      <Filter>Inc\Vulkan</Filter>
    </ClInclude>
    <ClInclude Include="resource.h">
      <Filter>Inc\Vulkan</Filter>
    </ClInclude>
    <ClInclude Include="Inc\Vulkan\Buffers\VulkanCommandBuffers.h">
      <Filter>Inc\Vulkan</Filter>
    </ClInclude>
    <ClInclude Include="Inc\Vulkan\Synchronization\VulkanCommandPool.h">
      <Filter>Inc\Vulkan</Filter>
    </ClInclude>
    <ClInclude Include="Inc\Vulkan\Context\VulkanContext.h">
      <Filter>Inc\Vulkan</Filter>
    </ClInclude>
    <ClInclude Include="Inc\Vulkan\SwapChain\VulkanDepthStencil.h">
      <Filter>Inc\Vulkan</Filter>
    </ClInclude>
    <ClInclude Include="Inc\Vulkan\Device\VulkanDevice.h">
      <Filter>Inc\Vulkan</Filter>
    </ClInclude>
    <ClInclude Include="Inc\Vulkan\Synchronization\VulkanFence.h">
      <Filter>Inc\Vulkan</Filter>
    </ClInclude>
    <ClInclude Include="Inc\Vulkan\Buffers\VulkanFrameBuffer.h">
      <Filter>Inc\Vulkan</Filter>
    </ClInclude>
    <ClInclude Include="Inc\Vulkan\Util\VulkanFunctions.h">
      <Filter>Inc\Vulkan</Filter>
    </ClInclude>
    <ClInclude Include="Inc\Vulkan\Context\VulkanInstance.h">
      <Filter>Inc\Vulkan</Filter>
    </ClInclude>
    <ClInclude Include="Inc\Vulkan\Util\VulkanLibraryLoader.h">
      <Filter>Inc\Vulkan</Filter>
    </ClInclude>
    <ClInclude Include="Inc\Vulkan\Memory\VulkanMemoryAllocator.h">
      <Filter>Inc\Vulkan</Filter>
    </ClInclude>
    <ClInclude Include="Inc\Vulkan\Memory\VulkanMemoryObject.h">
      <Filter>Inc\Vulkan</Filter>
    </ClInclude>
    <ClInclude Include="Inc\Vulkan\Util\VulkanParameters.h">
      <Filter>Inc\Vulkan</Filter>
    </ClInclude>
    <ClInclude Include="Inc\Vulkan\Pipeline\VulkanPipeline.h">
      <Filter>Inc\Vulkan</Filter>
    </ClInclude>
    <ClInclude Include="Inc\Vulkan\Device\VulkanQueue.h">
      <Filter>Inc\Vulkan</Filter>
    </ClInclude>
    <ClInclude Include="Inc\Vulkan\RenderPass\VulkanRenderPass.h">
      <Filter>Inc\Vulkan</Filter>
    </ClInclude>
    <ClInclude Include="Inc\Vulkan\Synchronization\VulkanSemaphore.h">
      <Filter>Inc\Vulkan</Filter>
    </ClInclude>
    <ClInclude Include="Inc\Vulkan\Shader\VulkanShaderModule.h">
      <Filter>Inc\Vulkan</Filter>
    </ClInclude>
    <ClInclude Include="Inc\Vulkan\Util\VulkanSubpassParameters.h">
      <Filter>Inc\Vulkan</Filter>
    </ClInclude>
    <ClInclude Include="Inc\Vulkan\SwapChain\VulkanSwapChain.h">
      <Filter>Inc\Vulkan</Filter>
    </ClInclude>
    <ClInclude Include="Inc\Vulkan\Util\VulkanUtils.h">
      <Filter>Inc\Vulkan</Filter>
    </ClInclude>
    <ClInclude Include="Inc\RendererAPI\IFramebuffer.h">
      <Filter>Inc\RendererAPI</Filter>
    </ClInclude>
    <ClInclude Include="Inc\RendererAPI\RendererContext.h">
      <Filter>Inc\RendererAPI</Filter>
    </ClInclude>
    <ClInclude Include="Inc\RendererAPI\IShader.h">
      <Filter>Inc\RendererAPI</Filter>
    </ClInclude>
    <ClInclude Include="Inc\RendererAPI\ISwapChain.h">
      <Filter>Inc\RendererAPI</Filter>
    </ClInclude>
    <ClInclude Include="Inc\RendererAPI\Texture.h">
      <Filter>Inc\RendererAPI</Filter>
    </ClInclude>
    <ClInclude Include="Inc\RendererAPI\IPipeline.h" />
    <ClInclude Include="Inc\RendererAPI\IRenderPass.h" />
    <ClInclude Include="Inc\RendererAPI\Renderer.h" />
    <ClInclude Include="Inc\RendererAPI\VertexTypes.h" />
    <ClInclude Include="Inc\RendererAPI\RenderCommand.h" />
    <ClInclude Include="Inc\Vulkan\Util\VulkanRenderer.h" />
    <ClInclude Include="Inc\RendererAPI\IGraphicsDevice.h" />
    <ClInclude Include="Inc\Vulkan\Shader\VulkanShader.h" />
    <ClInclude Include="Inc\Vulkan\Buffers\VulkanVertexBuffer.h" />
    <ClInclude Include="Inc\RendererAPI\IVertexBuffer.h" />
    <ClInclude Include="Inc\RendererAPI\IIndexBuffer.h" />
    <ClInclude Include="Inc\RendererAPI\ShaderUniform.h" />
    <ClInclude Include="Inc\Vulkan\Buffers\VulkanIndexBuffer.h" />
  </ItemGroup>
  <ItemGroup>
    <ClCompile Include="Src\precompiled.cpp">
      <Filter>Src</Filter>
    </ClCompile>
    <ClCompile Include="Src\Vulkan\Buffers\VulkanUniformBuffer.cpp">
      <Filter>Src\Vulkan\Buffers</Filter>
    </ClCompile>
    <ClCompile Include="Src\Vulkan\Synchronization\VulkanCommandPool.cpp">
      <Filter>Src\Vulkan\ImageClasses</Filter>
    </ClCompile>
    <ClCompile Include="Src\Vulkan\Texture\VulkanImage.cpp">
      <Filter>Src\Vulkan\ImageClasses</Filter>
    </ClCompile>
    <ClCompile Include="Src\Vulkan\Texture\VulkanImageView.cpp">
      <Filter>Src\Vulkan\ImageClasses</Filter>
    </ClCompile>
    <ClCompile Include="Src\Vulkan\Util\PlatformSurfaceCreation.cpp">
      <Filter>Src\Vulkan</Filter>
    </ClCompile>
    <ClCompile Include="Src\Vulkan\Buffers\VulkanCommandBuffers.cpp">
      <Filter>Src\Vulkan</Filter>
    </ClCompile>
    <ClCompile Include="Src\Vulkan\Context\VulkanContext.cpp">
      <Filter>Src\Vulkan</Filter>
    </ClCompile>
    <ClCompile Include="Src\Vulkan\SwapChain\VulkanDepthStencil.cpp">
      <Filter>Src\Vulkan</Filter>
    </ClCompile>
    <ClCompile Include="Src\Vulkan\Device\VulkanDevice.cpp">
      <Filter>Src\Vulkan</Filter>
    </ClCompile>
    <ClCompile Include="Src\Vulkan\Synchronization\VulkanFence.cpp">
      <Filter>Src\Vulkan</Filter>
    </ClCompile>
    <ClCompile Include="Src\Vulkan\Buffers\VulkanFrameBuffer.cpp">
      <Filter>Src\Vulkan</Filter>
    </ClCompile>
    <ClCompile Include="Src\Vulkan\Util\VulkanFunctions.cpp">
      <Filter>Src\Vulkan</Filter>
    </ClCompile>
    <ClCompile Include="Src\Vulkan\Context\VulkanInstance.cpp">
      <Filter>Src\Vulkan</Filter>
    </ClCompile>
    <ClCompile Include="Src\Vulkan\Util\VulkanLibraryLoader.cpp">
      <Filter>Src\Vulkan</Filter>
    </ClCompile>
    <ClCompile Include="Src\Vulkan\Memory\VulkanMemoryAllocator.cpp">
      <Filter>Src\Vulkan</Filter>
    </ClCompile>
    <ClCompile Include="Src\Vulkan\Memory\VulkanMemoryObject.cpp">
      <Filter>Src\Vulkan</Filter>
    </ClCompile>
    <ClCompile Include="Src\Vulkan\Pipeline\VulkanPipeline.cpp">
      <Filter>Src\Vulkan</Filter>
    </ClCompile>
    <ClCompile Include="Src\Vulkan\Device\VulkanQueue.cpp">
      <Filter>Src\Vulkan</Filter>
    </ClCompile>
    <ClCompile Include="Src\Vulkan\RenderPass\VulkanRenderPass.cpp">
      <Filter>Src\Vulkan</Filter>
    </ClCompile>
    <ClCompile Include="Src\Vulkan\Synchronization\VulkanSemaphore.cpp">
      <Filter>Src\Vulkan</Filter>
    </ClCompile>
    <ClCompile Include="Src\Vulkan\Shader\VulkanShaderModule.cpp">
      <Filter>Src\Vulkan</Filter>
    </ClCompile>
    <ClCompile Include="Src\Vulkan\Util\VulkanSubpassParameters.cpp">
      <Filter>Src\Vulkan</Filter>
    </ClCompile>
    <ClCompile Include="Src\Vulkan\SwapChain\VulkanSwapChain.cpp">
      <Filter>Src\Vulkan</Filter>
    </ClCompile>
    <ClCompile Include="Src\Vulkan\Util\VulkanUtils.cpp">
      <Filter>Src\Vulkan</Filter>
    </ClCompile>
    <ClCompile Include="Src\RendererAPI\IFramebuffer.cpp" />
    <ClCompile Include="Src\RendererAPI\RendererContext.cpp" />
    <ClCompile Include="Src\RendererAPI\IRenderPass.cpp" />
    <ClCompile Include="Src\RendererAPI\IShader.cpp" />
    <ClCompile Include="Src\RendererAPI\ISwapChain.cpp" />
    <ClCompile Include="Src\RendererAPI\Texture.cpp" />
    <ClCompile Include="Src\RendererAPI\Renderer.cpp" />
    <ClCompile Include="Src\RendererAPI\RendererCommand.cpp" />
    <ClCompile Include="Src\Vulkan\Util\VulkanRenderer.cpp" />
    <ClCompile Include="Src\RendererAPI\IGraphicsDevice.cpp" />
    <ClCompile Include="Src\Vulkan\Shader\VulkanShader.cpp" />
    <ClCompile Include="Src\RendererAPI\IPipeline.cpp" />
    <ClCompile Include="Src\Vulkan\Buffers\VulkanVertexBuffer.cpp" />
    <ClCompile Include="Src\RendererAPI\IVertexBuffer.cpp" />
    <ClCompile Include="Src\RendererAPI\IIndexBuffer.cpp" />
    <ClCompile Include="Src\Vulkan\Buffers\VulkanIndexBuffer.cpp" />
  </ItemGroup>
  <ItemGroup>
    <ResourceCompile Include="SingularityRenderer.rc" />
  </ItemGroup>
  <ItemGroup>
    <Filter Include="Inc">
      <UniqueIdentifier>{63722d09-f587-4e84-9975-b291f333caca}</UniqueIdentifier>
    </Filter>
    <Filter Include="Src">
      <UniqueIdentifier>{c67db9a2-fbbf-4498-a75d-dd8f2f3e0027}</UniqueIdentifier>
    </Filter>
    <Filter Include="Inc\Vulkan">
      <UniqueIdentifier>{206ed22c-59db-4779-b240-e8cc4af8241c}</UniqueIdentifier>
    </Filter>
    <Filter Include="Inc\Vulkan\RenderPasses">
      <UniqueIdentifier>{d85fc20a-7182-459b-bd4e-f36bdb2280ee}</UniqueIdentifier>
    </Filter>
    <Filter Include="Inc\Vulkan\ImageClasses">
      <UniqueIdentifier>{adcf78fe-5d55-44b6-b258-8bd636a8e6eb}</UniqueIdentifier>
    </Filter>
    <Filter Include="Inc\Vulkan\DescriptorSets">
      <UniqueIdentifier>{d00d4895-9382-4746-b338-810149f6dd6f}</UniqueIdentifier>
    </Filter>
    <Filter Include="Inc\Vulkan\Buffers">
      <UniqueIdentifier>{1a7ddbb2-4a71-4355-b4f4-6e3e98be5b13}</UniqueIdentifier>
    </Filter>
    <Filter Include="Inc\RendererAPI">
      <UniqueIdentifier>{618ce990-8441-43df-bc71-25856a53cf90}</UniqueIdentifier>
    </Filter>
    <Filter Include="Src\Vulkan">
      <UniqueIdentifier>{69098a79-acbc-4397-a4ca-1230149a9706}</UniqueIdentifier>
    </Filter>
    <Filter Include="Src\Vulkan\ImageClasses">
      <UniqueIdentifier>{071a8511-f6e3-42ac-bb6b-62d39ff0dd03}</UniqueIdentifier>
    </Filter>
    <Filter Include="Src\Vulkan\Buffers">
      <UniqueIdentifier>{f27cf3f8-b2c5-4044-9263-beda875d7162}</UniqueIdentifier>
    </Filter>
    <Filter Include="Src\Vulkan\DescriptorSets">
      <UniqueIdentifier>{4f2704d6-7feb-4495-bc4b-1a42f9ab6183}</UniqueIdentifier>
    </Filter>
    <Filter Include="Src\Vulkan\RenderPasses">
      <UniqueIdentifier>{353fd4c4-2376-45d4-bc83-5cb5a7bc028d}</UniqueIdentifier>
    </Filter>
    <Filter Include="Src\RendererAPI">
      <UniqueIdentifier>{d156bf7e-fdcf-4ec6-b8a3-bdaa4d47e691}</UniqueIdentifier>
    </Filter>
  </ItemGroup>
  <ItemGroup>
    <None Include="Inc\Vulkan\Util\ListOfVulkanFunctions.inl">
      <Filter>Inc\Vulkan</Filter>
    </None>
  </ItemGroup>
</Project>